hash: 7c3d28a55c9823ad423d4547fee66e888d1276c15bd4629f911db12695401ef6
updated: 2016-07-31T12:35:00.264750807+10:00
imports:
- name: github.com/stretchr/testify
  version: d77da356e56a7428ad25149ca77381849a6a5232
  subpackages:
  - assert
- name: golang.org/x/net
  version: 6a513affb38dc9788b449d59ffed099b8de18fa0
  subpackages:
  - context
testImports:
- name: github.com/davecgh/go-spew
  version: 5215b55f46b2b919f50a1df0eaa5886afe4e3b3d
  subpackages:
  - spew
- name: github.com/pmezard/go-difflib
  version: d8ed2627bdf02c080bf22230dbb337003b7aba2d
  subpackages:
  - difflib
