# This file is autogenerated, do not edit; changes may be undone by the next 'dep ensure'.


[[projects]]
  name = "cloud.google.com/go"
  packages = ["compute/metadata"]
  revision = "eaddaf6dd7ee35fd3c2420c8d27478db176b0485"
  version = "v0.15.0"

[[projects]]
  branch = "master"
  name = "github.com/NYTimes/gziphandler"
  packages = ["."]
  revision = "97ae7fbaf81620fe97840685304a78a306a39c64"

[[projects]]
  name = "github.com/PuerkitoBio/purell"
  packages = ["."]
  revision = "0bcb03f4b4d0a9428594752bd2a3b9aa0a9d4bd4"
  version = "v1.1.0"

[[projects]]
  branch = "master"
  name = "github.com/PuerkitoBio/urlesc"
  packages = ["."]
  revision = "de5bf2ad457846296e2031421a34e2568e304e35"

[[projects]]
  branch = "master"
  name = "github.com/ash2k/stager"
  packages = [".","wait"]
  revision = "6e9c7b0eacd465286fac042bfb29a170aa8c2c3f"

[[projects]]
  name = "github.com/davecgh/go-spew"
  packages = ["spew"]
  revision = "346938d642f2ec3594ed81d874461961cd0faa76"
  version = "v1.1.0"

[[projects]]
  name = "github.com/emicklei/go-restful"
  packages = [".","log"]
  revision = "5741799b275a3c4a5a9623a993576d7545cf7b5c"
  version = "v2.4.0"

[[projects]]
  name = "github.com/emicklei/go-restful-swagger12"
  packages = ["."]
  revision = "dcef7f55730566d41eae5db10e7d6981829720f6"
  version = "1.0.1"

[[projects]]
  name = "github.com/ghodss/yaml"
  packages = ["."]
  revision = "0ca9ea5df5451ffdf184b4428c902747c2c11cd7"
  version = "v1.0.0"

[[projects]]
  branch = "master"
  name = "github.com/go-openapi/jsonpointer"
  packages = ["."]
  revision = "779f45308c19820f1a69e9a4cd965f496e0da10f"

[[projects]]
  branch = "master"
  name = "github.com/go-openapi/jsonreference"
  packages = ["."]
  revision = "36d33bfe519efae5632669801b180bf1a245da3b"

[[projects]]
  branch = "master"
  name = "github.com/go-openapi/spec"
  packages = ["."]
  revision = "48c2a7185575f9103a5a3863eff950bb776899d2"

[[projects]]
  branch = "master"
  name = "github.com/go-openapi/swag"
  packages = ["."]
  revision = "f3f9494671f93fcff853e3c6e9e948b3eb71e590"

[[projects]]
  name = "github.com/gogo/protobuf"
  packages = ["gogoproto","io","jsonpb","jsonpb/jsonpb_test_proto","plugin/compare","plugin/defaultcheck","plugin/description","plugin/embedcheck","plugin/enumstringer","plugin/equal","plugin/face","plugin/gostring","plugin/marshalto","plugin/oneofcheck","plugin/populate","plugin/size","plugin/stringer","plugin/testgen","plugin/union","plugin/unmarshal","proto","proto/proto3_proto","proto/testdata","protoc-gen-gogo/descriptor","protoc-gen-gogo/generator","protoc-gen-gogo/grpc","protoc-gen-gogo/plugin","sortkeys","test","test/casttype","test/combos/both","test/custom","test/custom-dash-type","test/example","test/importdedup/subpkg","test/indeximport-issue72/index","types","vanity","vanity/command","vanity/test/fast","vanity/test/faster","vanity/test/slick","version"]
  revision = "342cbe0a04158f6dcb03ca0079991a51a4248c02"
  version = "v0.5"

[[projects]]
  branch = "master"
  name = "github.com/golang/glog"
  packages = ["."]
  revision = "23def4e6c14b4da8ac2ed8007337bc5eb5007998"

[[projects]]
  branch = "master"
  name = "github.com/golang/protobuf"
  packages = ["proto","ptypes","ptypes/any","ptypes/duration","ptypes/timestamp"]
  revision = "130e6b02ab059e7b717a096f397c5b60111cae74"

[[projects]]
  branch = "master"
  name = "github.com/google/btree"
  packages = ["."]
  revision = "316fb6d3f031ae8f4d457c6c5186b9e3ded70435"

[[projects]]
  branch = "master"
  name = "github.com/google/gofuzz"
  packages = ["."]
  revision = "24818f796faf91cd76ec7bddd72458fbced7a6c1"

[[projects]]
  name = "github.com/googleapis/gnostic"
  packages = ["OpenAPIv2","compiler","extensions"]
  revision = "ee43cbb60db7bd22502942cccbc39059117352ab"
  version = "v0.1.0"

[[projects]]
  branch = "master"
  name = "github.com/gorilla/schema"
  packages = ["."]
  revision = "8b1100835db5bbdae88541510f70d114b91a7e4d"

[[projects]]
  branch = "master"
  name = "github.com/gregjones/httpcache"
  packages = [".","diskcache"]
  revision = "c1f8028e62adb3d518b823a2f8e6a95c38bdd3aa"

[[projects]]
  branch = "master"
  name = "github.com/hashicorp/golang-lru"
  packages = [".","simplelru"]
  revision = "0a025b7e63adc15a622f29b0b2c4c3848243bbf6"

[[projects]]
  name = "github.com/json-iterator/go"
  packages = ["."]
  revision = "6ed27152e0428abfde127acb33b08b03a1e67cac"
  version = "1.0.2"

[[projects]]
  branch = "master"
  name = "github.com/juju/ratelimit"
  packages = ["."]
  revision = "5b9ff866471762aa2ab2dced63c9fb6f53921342"

[[projects]]
  branch = "master"
  name = "github.com/kr/fs"
  packages = ["."]
  revision = "2788f0dbd16903de03cb8186e5c7d97b69ad387b"

[[projects]]
  branch = "master"
  name = "github.com/kr/pretty"
  packages = ["."]
  revision = "cfb55aafdaf3ec08f0db22699ab822c50091b1c4"

[[projects]]
  branch = "master"
  name = "github.com/kr/text"
  packages = ["."]
  revision = "7cafcd837844e784b526369c9bce262804aebc60"

[[projects]]
  branch = "master"
  name = "github.com/kubernetes-incubator/service-catalog"
  packages = ["pkg/apis/servicecatalog","pkg/apis/servicecatalog/v1alpha1","pkg/client/clientset_generated/clientset","pkg/client/clientset_generated/clientset/fake","pkg/client/clientset_generated/clientset/scheme","pkg/client/clientset_generated/clientset/typed/servicecatalog/v1alpha1","pkg/client/clientset_generated/clientset/typed/servicecatalog/v1alpha1/fake"]
  revision = "99c0644c36b4e5b805bf1864babc98cc6f99e231"

[[projects]]
  branch = "master"
  name = "github.com/mailru/easyjson"
  packages = [".","bootstrap","buffer","gen","jlexer","jwriter","opt","parser"]
  revision = "2a92e673c9a6302dd05c3a691ae1f24aef46457d"

[[projects]]
  branch = "master"
  name = "github.com/mjibson/appstats"
  packages = ["."]
  revision = "0542d5f0e87ea3a8fa4174322b9532f5d04f9fa8"

[[projects]]
  branch = "master"
  name = "github.com/petar/GoLLRB"
  packages = ["llrb"]
  revision = "53be0d36a84c2a886ca057d34b6aa4468df9ccb4"

[[projects]]
  name = "github.com/peterbourgon/diskv"
  packages = ["."]
  revision = "5f041e8faa004a95c88a202771f4cc3e991971e6"
  version = "v2.0.1"

[[projects]]
  name = "github.com/pkg/errors"
  packages = ["."]
  revision = "645ef00459ed84a119197bfb8d8205042c6df63d"
  version = "v0.8.0"

[[projects]]
  name = "github.com/pmezard/go-difflib"
  packages = ["difflib"]
  revision = "792786c7400a136282c1664665ae0a8db921c6c2"
  version = "v1.0.0"

[[projects]]
  branch = "master"
  name = "github.com/pquerna/ffjson"
  packages = ["ffjson","fflib/v1","fflib/v1/internal"]
  revision = "d49c2bc1aa135aad0c6f4fc2056623ec78f5d5ac"

[[projects]]
  name = "github.com/satori/go.uuid"
  packages = ["."]
  revision = "879c5887cd475cd7864858769793b2ceb0d44feb"
  version = "v1.1.0"

[[projects]]
  name = "github.com/spf13/pflag"
  packages = ["."]
  revision = "e57e3eeb33f795204c1ca35f56c44f83227c6e66"
  version = "v1.0.0"

[[projects]]
  branch = "master"
  name = "github.com/stretchr/testify"
  packages = ["assert","require"]
  revision = "890a5c3458b43e6104ff5da8dfa139d013d77544"

[[projects]]
  name = "github.com/ugorji/go"
  packages = ["codec"]
  revision = "8c0409fcbb70099c748d71f714529204975f6c3f"

[[projects]]
  branch = "master"
  name = "go4.org"
  packages = ["syncutil/singleflight"]
  revision = "034d17a462f7b2dcd1a4a73553ec5357ff6e6c6e"

[[projects]]
  branch = "master"
  name = "golang.org/x/crypto"
  packages = ["acme","acme/autocert","ssh/terminal"]
  revision = "9419663f5a44be8b34ca85f08abc5fe1be11f8a3"

[[projects]]
  branch = "master"
  name = "golang.org/x/net"
  packages = ["bpf","context","context/ctxhttp","dns/dnsmessage","html","html/atom","http2","http2/hpack","icmp","idna","internal/iana","internal/nettest","internal/socket","internal/timeseries","ipv4","ipv6","lex/httplex","webdav","webdav/internal/xml","websocket"]
  revision = "a04bdaca5b32abe1c069418fb7088ae607de5bd0"

[[projects]]
  branch = "master"
  name = "golang.org/x/oauth2"
  packages = [".","google","internal","jws","jwt"]
  revision = "bb50c06baba3d0c76f9d125c0719093e315b5b44"

[[projects]]
  branch = "master"
  name = "golang.org/x/sys"
  packages = ["unix","windows"]
  revision = "ebfc5b4631820b793c9010c87fd8fef0f39eb082"

[[projects]]
  branch = "master"
  name = "golang.org/x/text"
  packages = ["cases","collate","collate/build","currency","encoding","encoding/charmap","encoding/htmlindex","encoding/ianaindex","encoding/internal","encoding/internal/enctest","encoding/internal/identifier","encoding/japanese","encoding/korean","encoding/simplifiedchinese","encoding/traditionalchinese","encoding/unicode","internal","internal/catmsg","internal/colltab","internal/export/idna","internal/format","internal/gen","internal/number","internal/stringset","internal/tag","internal/testtext","internal/triegen","internal/ucd","internal/utf8internal","language","language/display","message","message/catalog","runes","secure/bidirule","secure/precis","transform","unicode/bidi","unicode/cldr","unicode/norm","unicode/rangetable","unicode/runenames","width"]
  revision = "825fc78a2fd6fa0a5447e300189e3219e05e1f25"

[[projects]]
  name = "golang.org/x/tools"
  packages = ["go/ast/astutil","go/buildutil","go/loader","go/vcs"]
  revision = "2382e3994d48b1d22acc2c86bcad0a2aff028e32"

[[projects]]
  branch = "master"
  name = "google.golang.org/api"
  packages = ["compute/v1","gensupport","googleapi","googleapi/internal/uritemplates"]
  revision = "f4e479843e4b5935c598bdbe5b45ce49b4e5242d"

[[projects]]
  name = "google.golang.org/appengine"
  packages = [".","datastore","internal","internal/app_identity","internal/base","internal/datastore","internal/log","internal/memcache","internal/modules","internal/remote_api","internal/urlfetch","internal/user","log","memcache","urlfetch","user"]
  revision = "150dc57a1b433e64154302bdc40b6bb8aefa313a"
  version = "v1.0.0"

[[projects]]
  name = "gopkg.in/inf.v0"
  packages = ["."]
  revision = "3887ee99ecf07df5b447e9b00d9c0b2adaa9f3e4"
  version = "v0.9.0"

[[projects]]
  name = "gopkg.in/vmihailenco/msgpack.v2"
  packages = [".","codes"]
  revision = "f4f8982de4ef0de18be76456617cc3f5d8d8141e"
  version = "v2.9.1"

[[projects]]
  branch = "v2"
  name = "gopkg.in/yaml.v2"
  packages = ["."]
  revision = "eb3733d160e74a9c7e442f435eb3bea458e1d19f"

[[projects]]
  branch = "release-1.8"
  name = "k8s.io/api"
  packages = ["admissionregistration/v1alpha1","apps/v1beta1","apps/v1beta2","authentication/v1","authentication/v1beta1","authorization/v1","authorization/v1beta1","autoscaling/v1","autoscaling/v2beta1","batch/v1","batch/v1beta1","batch/v2alpha1","certificates/v1beta1","core/v1","extensions/v1beta1","networking/v1","policy/v1beta1","rbac/v1","rbac/v1alpha1","rbac/v1beta1","scheduling/v1alpha1","settings/v1alpha1","storage/v1","storage/v1beta1"]
  revision = "fe29995db37613b9c5b2a647544cf627bfa8d299"

[[projects]]
  branch = "release-1.8"
  name = "k8s.io/apiextensions-apiserver"
  packages = ["pkg/apis/apiextensions","pkg/apis/apiextensions/v1beta1","pkg/client/clientset/clientset","pkg/client/clientset/clientset/fake","pkg/client/clientset/clientset/scheme","pkg/client/clientset/clientset/typed/apiextensions/v1beta1","pkg/client/clientset/clientset/typed/apiextensions/v1beta1/fake","pkg/client/informers/externalversions","pkg/client/informers/externalversions/apiextensions","pkg/client/informers/externalversions/apiextensions/v1beta1","pkg/client/informers/externalversions/internalinterfaces","pkg/client/listers/apiextensions/v1beta1"]
  revision = "89b2a556a65053a90552eaed26f810df4a266367"

[[projects]]
  branch = "release-1.8"
  name = "k8s.io/apimachinery"
  packages = ["pkg/api/equality","pkg/api/errors","pkg/api/meta","pkg/api/resource","pkg/apis/meta/internalversion","pkg/apis/meta/v1","pkg/apis/meta/v1/unstructured","pkg/apis/meta/v1alpha1","pkg/conversion","pkg/conversion/queryparams","pkg/conversion/unstructured","pkg/fields","pkg/labels","pkg/runtime","pkg/runtime/schema","pkg/runtime/serializer","pkg/runtime/serializer/json","pkg/runtime/serializer/protobuf","pkg/runtime/serializer/recognizer","pkg/runtime/serializer/streaming","pkg/runtime/serializer/versioning","pkg/selection","pkg/types","pkg/util/cache","pkg/util/clock","pkg/util/diff","pkg/util/errors","pkg/util/framer","pkg/util/intstr","pkg/util/json","pkg/util/net","pkg/util/runtime","pkg/util/sets","pkg/util/validation","pkg/util/validation/field","pkg/util/wait","pkg/util/yaml","pkg/version","pkg/watch","third_party/forked/golang/reflect"]
  revision = "9d38e20d609d27e00d4ec18f7b9db67105a2bde0"

[[projects]]
  branch = "release-5.0"
  name = "k8s.io/client-go"
  packages = ["discovery","discovery/fake","dynamic","kubernetes","kubernetes/fake","kubernetes/scheme","kubernetes/typed/admissionregistration/v1alpha1","kubernetes/typed/admissionregistration/v1alpha1/fake","kubernetes/typed/apps/v1beta1","kubernetes/typed/apps/v1beta1/fake","kubernetes/typed/apps/v1beta2","kubernetes/typed/apps/v1beta2/fake","kubernetes/typed/authentication/v1","kubernetes/typed/authentication/v1/fake","kubernetes/typed/authentication/v1beta1","kubernetes/typed/authentication/v1beta1/fake","kubernetes/typed/authorization/v1","kubernetes/typed/authorization/v1/fake","kubernetes/typed/authorization/v1beta1","kubernetes/typed/authorization/v1beta1/fake","kubernetes/typed/autoscaling/v1","kubernetes/typed/autoscaling/v1/fake","kubernetes/typed/autoscaling/v2beta1","kubernetes/typed/autoscaling/v2beta1/fake","kubernetes/typed/batch/v1","kubernetes/typed/batch/v1/fake","kubernetes/typed/batch/v1beta1","kubernetes/typed/batch/v1beta1/fake","kubernetes/typed/batch/v2alpha1","kubernetes/typed/batch/v2alpha1/fake","kubernetes/typed/certificates/v1beta1","kubernetes/typed/certificates/v1beta1/fake","kubernetes/typed/core/v1","kubernetes/typed/core/v1/fake","kubernetes/typed/extensions/v1beta1","kubernetes/typed/extensions/v1beta1/fake","kubernetes/typed/networking/v1","kubernetes/typed/networking/v1/fake","kubernetes/typed/policy/v1beta1","kubernetes/typed/policy/v1beta1/fake","kubernetes/typed/rbac/v1","kubernetes/typed/rbac/v1/fake","kubernetes/typed/rbac/v1alpha1","kubernetes/typed/rbac/v1alpha1/fake","kubernetes/typed/rbac/v1beta1","kubernetes/typed/rbac/v1beta1/fake","kubernetes/typed/scheduling/v1alpha1","kubernetes/typed/scheduling/v1alpha1/fake","kubernetes/typed/settings/v1alpha1","kubernetes/typed/settings/v1alpha1/fake","kubernetes/typed/storage/v1","kubernetes/typed/storage/v1/fake","kubernetes/typed/storage/v1beta1","kubernetes/typed/storage/v1beta1/fake","pkg/version","rest","rest/watch","testing","third_party/forked/golang/template","tools/cache","tools/clientcmd/api","tools/metrics","tools/pager","tools/reference","transport","util/cert","util/flowcontrol","util/integer","util/jsonpath","util/workqueue"]
  revision = "afb4606c45bae77c4dc2c15291d4d7d6d792196c"

[[projects]]
  branch = "master"
  name = "k8s.io/code-generator"
  packages = ["cmd/client-gen/args","cmd/client-gen/generators","cmd/client-gen/generators/fake","cmd/client-gen/generators/scheme","cmd/client-gen/generators/util","cmd/client-gen/path","cmd/client-gen/types","cmd/conversion-gen/generators","cmd/go-to-protobuf/protobuf","cmd/informer-gen/generators","cmd/lister-gen/generators","third_party/forked/golang/reflect"]
  revision = "77491151d5f87cdc19d40f5746b4d90f8d20f180"

[[projects]]
  branch = "master"
  name = "k8s.io/gengo"
  packages = ["args","examples/deepcopy-gen/generators","examples/deepcopy-gen/output_tests/otherpkg","examples/defaulter-gen/generators","examples/go-to-protobuf/protobuf","examples/import-boss/generators","examples/set-gen/generators","examples/set-gen/sets","generator","namer","parser","types"]
  revision = "70ad626ed2d7a483d89d2c4c56364d60b48ee8fc"

[[projects]]
  branch = "master"
  name = "k8s.io/kube-openapi"
  packages = ["pkg/builder","pkg/common","pkg/generators","pkg/util"]
  revision = "abfc5fbe1cf87ee697db107fdfd24c32fe4397a8"

[[projects]]
  name = "k8s.io/kubernetes"
  packages = ["third_party/forked/golang/reflect"]
  revision = "0b9efaeb34a2fc51ff8e4d34ad9bc6375459c4a4"
  version = "v1.8.0"

[solve-meta]
  analyzer-name = "dep"
  analyzer-version = 1
  inputs-digest = "efaf3cd99d35c00e7e01638aad16eab7a0d39d48e709995da268d55ddee24b8b"
  solver-name = "gps-cdcl"
  solver-version = 1
